
Microsoft Visual Studio Solution File, Format Version 12.00
# Visual Studio Version 16
VisualStudioVersion = 16.0.29509.3
MinimumVisualStudioVersion = 10.0.40219.1
Project("{9A19103F-16F7-4668-BE54-9A1E7A4F7556}") = "OAuth2", "OAuth2.csproj", "{C61D9B7E-E399-4F8D-91CE-1669F1CEA19D}"
EndProject
Global
	GlobalSection(SolutionConfigurationPlatforms) = preSolution
		Debug|Any CPU = Debug|Any CPU
		Release|Any CPU = Release|Any CPU
	EndGlobalSection
	GlobalSection(ProjectConfigurationPlatforms) = postSolution
		{C61D9B7E-E399-4F8D-91CE-1669F1CEA19D}.Debug|Any CPU.ActiveCfg = Debug|Any CPU
		{C61D9B7E-E399-4F8D-91CE-1669F1CEA19D}.Debug|Any CPU.Build.0 = Debug|Any CPU
		{C61D9B7E-E399-4F8D-91CE-1669F1CEA19D}.Release|Any CPU.ActiveCfg = Release|Any CPU
		{C61D9B7E-E399-4F8D-91CE-1669F1CEA19D}.Release|Any CPU.Build.0 = Release|Any CPU
	EndGlobalSection
	GlobalSection(SolutionProperties) = preSolution
		HideSolutionNode = FALSE
	EndGlobalSection
	GlobalSection(ExtensibilityGlobals) = postSolution
		SolutionGuid = {F3B85B6D-CA4E-4F1C-BC48-833F0B403D6A}
	EndGlobalSection
EndGlobal
